// !$*UTF8*$!
{
	archiveVersion = 1;
	classes = {
	};
	objectVersion = 55;
	objects = {

/* Begin PBXBuildFile section */
		A314CCAB29585CD900B30190 /* AddingAndEditingNoteViewController.swift in Sources */ = {isa = PBXBuildFile; fileRef = A314CCAA29585CD900B30190 /* AddingAndEditingNoteViewController.swift */; };
		A3214C9029599EA20008D877 /* ModelCoreData.xcdatamodeld in Sources */ = {isa = PBXBuildFile; fileRef = A3214C8E29599EA20008D877 /* ModelCoreData.xcdatamodeld */; };
		A3214C932959A0A60008D877 /* Note+CoreDataClass.swift in Sources */ = {isa = PBXBuildFile; fileRef = A3214C912959A0A60008D877 /* Note+CoreDataClass.swift */; };
		A3214C942959A0A60008D877 /* Note+CoreDataProperties.swift in Sources */ = {isa = PBXBuildFile; fileRef = A3214C922959A0A60008D877 /* Note+CoreDataProperties.swift */; };
		A35657DD295C8D0400CBD5CF /* CoreData.swift in Sources */ = {isa = PBXBuildFile; fileRef = A35657DC295C8D0400CBD5CF /* CoreData.swift */; };
		A3630E66295C235F008EC16D /* ListNotesViewController.swift in Sources */ = {isa = PBXBuildFile; fileRef = A3630E65295C235F008EC16D /* ListNotesViewController.swift */; };
		A368FBB22955C37600108FAF /* AppDelegate.swift in Sources */ = {isa = PBXBuildFile; fileRef = A368FBB12955C37600108FAF /* AppDelegate.swift */; };
		A368FBB42955C37600108FAF /* SceneDelegate.swift in Sources */ = {isa = PBXBuildFile; fileRef = A368FBB32955C37600108FAF /* SceneDelegate.swift */; };
		A368FBB92955C37600108FAF /* Main.storyboard in Resources */ = {isa = PBXBuildFile; fileRef = A368FBB72955C37600108FAF /* Main.storyboard */; };
		A368FBBB2955C37700108FAF /* Assets.xcassets in Resources */ = {isa = PBXBuildFile; fileRef = A368FBBA2955C37700108FAF /* Assets.xcassets */; };
		A368FBBE2955C37700108FAF /* LaunchScreen.storyboard in Resources */ = {isa = PBXBuildFile; fileRef = A368FBBC2955C37700108FAF /* LaunchScreen.storyboard */; };
/* End PBXBuildFile section */

/* Begin PBXFileReference section */
		A314CCAA29585CD900B30190 /* AddingAndEditingNoteViewController.swift */ = {isa = PBXFileReference; lastKnownFileType = sourcecode.swift; path = AddingAndEditingNoteViewController.swift; sourceTree = "<group>"; };
		A3214C8F29599EA20008D877 /* ModelCoreData.xcdatamodel */ = {isa = PBXFileReference; lastKnownFileType = wrapper.xcdatamodel; path = ModelCoreData.xcdatamodel; sourceTree = "<group>"; };
		A3214C912959A0A60008D877 /* Note+CoreDataClass.swift */ = {isa = PBXFileReference; lastKnownFileType = sourcecode.swift; path = "Note+CoreDataClass.swift"; sourceTree = "<group>"; };
		A3214C922959A0A60008D877 /* Note+CoreDataProperties.swift */ = {isa = PBXFileReference; lastKnownFileType = sourcecode.swift; path = "Note+CoreDataProperties.swift"; sourceTree = "<group>"; };
		A35657DC295C8D0400CBD5CF /* CoreData.swift */ = {isa = PBXFileReference; lastKnownFileType = sourcecode.swift; path = CoreData.swift; sourceTree = "<group>"; };
		A3630E65295C235F008EC16D /* ListNotesViewController.swift */ = {isa = PBXFileReference; fileEncoding = 4; lastKnownFileType = sourcecode.swift; path = ListNotesViewController.swift; sourceTree = "<group>"; };
		A368FBAE2955C37600108FAF /* AppForNotes.app */ = {isa = PBXFileReference; explicitFileType = wrapper.application; includeInIndex = 0; path = AppForNotes.app; sourceTree = BUILT_PRODUCTS_DIR; };
		A368FBB12955C37600108FAF /* AppDelegate.swift */ = {isa = PBXFileReference; lastKnownFileType = sourcecode.swift; path = AppDelegate.swift; sourceTree = "<group>"; };
		A368FBB32955C37600108FAF /* SceneDelegate.swift */ = {isa = PBXFileReference; lastKnownFileType = sourcecode.swift; path = SceneDelegate.swift; sourceTree = "<group>"; };
		A368FBB82955C37600108FAF /* Base */ = {isa = PBXFileReference; lastKnownFileType = file.storyboard; name = Base; path = Base.lproj/Main.storyboard; sourceTree = "<group>"; };
		A368FBBA2955C37700108FAF /* Assets.xcassets */ = {isa = PBXFileReference; lastKnownFileType = folder.assetcatalog; path = Assets.xcassets; sourceTree = "<group>"; };
		A368FBBD2955C37700108FAF /* Base */ = {isa = PBXFileReference; lastKnownFileType = file.storyboard; name = Base; path = Base.lproj/LaunchScreen.storyboard; sourceTree = "<group>"; };
		A368FBBF2955C37800108FAF /* Info.plist */ = {isa = PBXFileReference; lastKnownFileType = text.plist.xml; path = Info.plist; sourceTree = "<group>"; };
/* End PBXFileReference section */

/* Begin PBXFrameworksBuildPhase section */
		A368FBAB2955C37600108FAF /* Frameworks */ = {
			isa = PBXFrameworksBuildPhase;
			buildActionMask = 2147483647;
			files = (
			);
			runOnlyForDeploymentPostprocessing = 0;
		};
/* End PBXFrameworksBuildPhase section */

/* Begin PBXGroup section */
		A35657DB295C8C4E00CBD5CF /* CoreData */ = {
			isa = PBXGroup;
			children = (
				A3214C912959A0A60008D877 /* Note+CoreDataClass.swift */,
				A3214C922959A0A60008D877 /* Note+CoreDataProperties.swift */,
			);
			path = CoreData;
			sourceTree = "<group>";
		};
		A368FBA52955C37600108FAF = {
			isa = PBXGroup;
			children = (
				A3214C8E29599EA20008D877 /* ModelCoreData.xcdatamodeld */,
				A368FBB02955C37600108FAF /* AppForNotes */,
				A368FBAF2955C37600108FAF /* Products */,
			);
			sourceTree = "<group>";
		};
		A368FBAF2955C37600108FAF /* Products */ = {
			isa = PBXGroup;
			children = (
				A368FBAE2955C37600108FAF /* AppForNotes.app */,
			);
			name = Products;
			sourceTree = "<group>";
		};
		A368FBB02955C37600108FAF /* AppForNotes */ = {
			isa = PBXGroup;
			children = (
				A35657DB295C8C4E00CBD5CF /* CoreData */,
				A368FBB12955C37600108FAF /* AppDelegate.swift */,
				A368FBB32955C37600108FAF /* SceneDelegate.swift */,
				A3630E65295C235F008EC16D /* ListNotesViewController.swift */,
				A314CCAA29585CD900B30190 /* AddingAndEditingNoteViewController.swift */,
				A35657DC295C8D0400CBD5CF /* CoreData.swift */,
				A368FBB72955C37600108FAF /* Main.storyboard */,
				A368FBBA2955C37700108FAF /* Assets.xcassets */,
				A368FBBC2955C37700108FAF /* LaunchScreen.storyboard */,
				A368FBBF2955C37800108FAF /* Info.plist */,
			);
			path = AppForNotes;
			sourceTree = "<group>";
		};
/* End PBXGroup section */

/* Begin PBXNativeTarget section */
		A368FBAD2955C37600108FAF /* AppForNotes */ = {
			isa = PBXNativeTarget;
			buildConfigurationList = A368FBC22955C37800108FAF /* Build configuration list for PBXNativeTarget "AppForNotes" */;
			buildPhases = (
				A368FBAA2955C37600108FAF /* Sources */,
				A368FBAB2955C37600108FAF /* Frameworks */,
				A368FBAC2955C37600108FAF /* Resources */,
			);
			buildRules = (
			);
			dependencies = (
			);
			name = AppForNotes;
			productName = AppForNotes;
			productReference = A368FBAE2955C37600108FAF /* AppForNotes.app */;
			productType = "com.apple.product-type.application";
		};
/* End PBXNativeTarget section */

/* Begin PBXProject section */
		A368FBA62955C37600108FAF /* Project object */ = {
			isa = PBXProject;
			attributes = {
				BuildIndependentTargetsInParallel = 1;
				LastSwiftUpdateCheck = 1300;
				LastUpgradeCheck = 1300;
				TargetAttributes = {
					A368FBAD2955C37600108FAF = {
						CreatedOnToolsVersion = 13.0;
					};
				};
			};
			buildConfigurationList = A368FBA92955C37600108FAF /* Build configuration list for PBXProject "AppForNotes" */;
			compatibilityVersion = "Xcode 13.0";
			developmentRegion = en;
			hasScannedForEncodings = 0;
			knownRegions = (
				en,
				Base,
			);
			mainGroup = A368FBA52955C37600108FAF;
			productRefGroup = A368FBAF2955C37600108FAF /* Products */;
			projectDirPath = "";
			projectRoot = "";
			targets = (
				A368FBAD2955C37600108FAF /* AppForNotes */,
			);
		};
/* End PBXProject section */

/* Begin PBXResourcesBuildPhase section */
		A368FBAC2955C37600108FAF /* Resources */ = {
			isa = PBXResourcesBuildPhase;
			buildActionMask = 2147483647;
			files = (
				A368FBBE2955C37700108FAF /* LaunchScreen.storyboard in Resources */,
				A368FBBB2955C37700108FAF /* Assets.xcassets in Resources */,
				A368FBB92955C37600108FAF /* Main.storyboard in Resources */,
			);
			runOnlyForDeploymentPostprocessing = 0;
		};
/* End PBXResourcesBuildPhase section */

/* Begin PBXSourcesBuildPhase section */
		A368FBAA2955C37600108FAF /* Sources */ = {
			isa = PBXSourcesBuildPhase;
			buildActionMask = 2147483647;
			files = (
				A314CCAB29585CD900B30190 /* AddingAndEditingNoteViewController.swift in Sources */,
				A368FBB22955C37600108FAF /* AppDelegate.swift in Sources */,
				A3214C932959A0A60008D877 /* Note+CoreDataClass.swift in Sources */,
				A3214C9029599EA20008D877 /* ModelCoreData.xcdatamodeld in Sources */,
				A35657DD295C8D0400CBD5CF /* CoreData.swift in Sources */,
				A368FBB42955C37600108FAF /* SceneDelegate.swift in Sources */,
				A3630E66295C235F008EC16D /* ListNotesViewController.swift in Sources */,
				A3214C942959A0A60008D877 /* Note+CoreDataProperties.swift in Sources */,
			);
			runOnlyForDeploymentPostprocessing = 0;
		};
/* End PBXSourcesBuildPhase section */

/* Begin PBXVariantGroup section */
		A368FBB72955C37600108FAF /* Main.storyboard */ = {
			isa = PBXVariantGroup;
			children = (
				A368FBB82955C37600108FAF /* Base */,
			);
			name = Main.storyboard;
			sourceTree = "<group>";
		};
		A368FBBC2955C37700108FAF /* LaunchScreen.storyboard */ = {
			isa = PBXVariantGroup;
			children = (
				A368FBBD2955C37700108FAF /* Base */,
			);
			name = LaunchScreen.storyboard;
			sourceTree = "<group>";
		};
/* End PBXVariantGroup section */

/* Begin XCBuildConfiguration section */
		A368FBC02955C37800108FAF /* Debug */ = {
			isa = XCBuildConfiguration;
			buildSettings = {
				ALWAYS_SEARCH_USER_PATHS = NO;
				CLANG_ANALYZER_NONNULL = YES;
				CLANG_ANALYZER_NUMBER_OBJECT_CONVERSION = YES_AGGRESSIVE;
				CLANG_CXX_LANGUAGE_STANDARD = "gnu++17";
				CLANG_CXX_LIBRARY = "libc++";
				CLANG_ENABLE_MODULES = YES;
				CLANG_ENABLE_OBJC_ARC = YES;
				CLANG_ENABLE_OBJC_WEAK = YES;
				CLANG_WARN_BLOCK_CAPTURE_AUTORELEASING = YES;
				CLANG_WARN_BOOL_CONVERSION = YES;
				CLANG_WARN_COMMA = YES;
				CLANG_WARN_CONSTANT_CONVERSION = YES;
				CLANG_WARN_DEPRECATED_OBJC_IMPLEMENTATIONS = YES;
				CLANG_WARN_DIRECT_OBJC_ISA_USAGE = YES_ERROR;
				CLANG_WARN_DOCUMENTATION_COMMENTS = YES;
				CLANG_WARN_EMPTY_BODY = YES;
				CLANG_WARN_ENUM_CONVERSION = YES;
				CLANG_WARN_INFINITE_RECURSION = YES;
				CLANG_WARN_INT_CONVERSION = YES;
				CLANG_WARN_NON_LITERAL_NULL_CONVERSION = YES;
				CLANG_WARN_OBJC_IMPLICIT_RETAIN_SELF = YES;
				CLANG_WARN_OBJC_LITERAL_CONVERSION = YES;
				CLANG_WARN_OBJC_ROOT_CLASS = YES_ERROR;
				CLANG_WARN_QUOTED_INCLUDE_IN_FRAMEWORK_HEADER = YES;
				CLANG_WARN_RANGE_LOOP_ANALYSIS = YES;
				CLANG_WARN_STRICT_PROTOTYPES = YES;
				CLANG_WARN_SUSPICIOUS_MOVE = YES;
				CLANG_WARN_UNGUARDED_AVAILABILITY = YES_AGGRESSIVE;
				CLANG_WARN_UNREACHABLE_CODE = YES;
				CLANG_WARN__DUPLICATE_METHOD_MATCH = YES;
				COPY_PHASE_STRIP = NO;
				DEBUG_INFORMATION_FORMAT = dwarf;
				ENABLE_STRICT_OBJC_MSGSEND = YES;
				ENABLE_TESTABILITY = YES;
				GCC_C_LANGUAGE_STANDARD = gnu11;
				GCC_DYNAMIC_NO_PIC = NO;
				GCC_NO_COMMON_BLOCKS = YES;
				GCC_OPTIMIZATION_LEVEL = 0;
				GCC_PREPROCESSOR_DEFINITIONS = (
					"DEBUG=1",
					"$(inherited)",
				);
				GCC_WARN_64_TO_32_BIT_CONVERSION = YES;
				GCC_WARN_ABOUT_RETURN_TYPE = YES_ERROR;
				GCC_WARN_UNDECLARED_SELECTOR = YES;
				GCC_WARN_UNINITIALIZED_AUTOS = YES_AGGRESSIVE;
				GCC_WARN_UNUSED_FUNCTION = YES;
				GCC_WARN_UNUSED_VARIABLE = YES;
				IPHONEOS_DEPLOYMENT_TARGET = 15.0;
				MTL_ENABLE_DEBUG_INFO = INCLUDE_SOURCE;
				MTL_FAST_MATH = YES;
				ONLY_ACTIVE_ARCH = YES;
				SDKROOT = iphoneos;
				SWIFT_ACTIVE_COMPILATION_CONDITIONS = DEBUG;
				SWIFT_OPTIMIZATION_LEVEL = "-Onone";
			};
			name = Debug;
		};
		A368FBC12955C37800108FAF /* Release */ = {
			isa = XCBuildConfiguration;
			buildSettings = {
				ALWAYS_SEARCH_USER_PATHS = NO;
				CLANG_ANALYZER_NONNULL = YES;
				CLANG_ANALYZER_NUMBER_OBJECT_CONVERSION = YES_AGGRESSIVE;
				CLANG_CXX_LANGUAGE_STANDARD = "gnu++17";
				CLANG_CXX_LIBRARY = "libc++";
				CLANG_ENABLE_MODULES = YES;
				CLANG_ENABLE_OBJC_ARC = YES;
				CLANG_ENABLE_OBJC_WEAK = YES;
				CLANG_WARN_BLOCK_CAPTURE_AUTORELEASING = YES;
				CLANG_WARN_BOOL_CONVERSION = YES;
				CLANG_WARN_COMMA = YES;
				CLANG_WARN_CONSTANT_CONVERSION = YES;
				CLANG_WARN_DEPRECATED_OBJC_IMPLEMENTATIONS = YES;
				CLANG_WARN_DIRECT_OBJC_ISA_USAGE = YES_ERROR;
				CLANG_WARN_DOCUMENTATION_COMMENTS = YES;
				CLANG_WARN_EMPTY_BODY = YES;
				CLANG_WARN_ENUM_CONVERSION = YES;
				CLANG_WARN_INFINITE_RECURSION = YES;
				CLANG_WARN_INT_CONVERSION = YES;
				CLANG_WARN_NON_LITERAL_NULL_CONVERSION = YES;
				CLANG_WARN_OBJC_IMPLICIT_RETAIN_SELF = YES;
				CLANG_WARN_OBJC_LITERAL_CONVERSION = YES;
				CLANG_WARN_OBJC_ROOT_CLASS = YES_ERROR;
				CLANG_WARN_QUOTED_INCLUDE_IN_FRAMEWORK_HEADER = YES;
				CLANG_WARN_RANGE_LOOP_ANALYSIS = YES;
				CLANG_WARN_STRICT_PROTOTYPES = YES;
				CLANG_WARN_SUSPICIOUS_MOVE = YES;
				CLANG_WARN_UNGUARDED_AVAILABILITY = YES_AGGRESSIVE;
				CLANG_WARN_UNREACHABLE_CODE = YES;
				CLANG_WARN__DUPLICATE_METHOD_MATCH = YES;
				COPY_PHASE_STRIP = NO;
				DEBUG_INFORMATION_FORMAT = "dwarf-with-dsym";
				ENABLE_NS_ASSERTIONS = NO;
				ENABLE_STRICT_OBJC_MSGSEND = YES;
				GCC_C_LANGUAGE_STANDARD = gnu11;
				GCC_NO_COMMON_BLOCKS = YES;
				GCC_WARN_64_TO_32_BIT_CONVERSION = YES;
				GCC_WARN_ABOUT_RETURN_TYPE = YES_ERROR;
				GCC_WARN_UNDECLARED_SELECTOR = YES;
				GCC_WARN_UNINITIALIZED_AUTOS = YES_AGGRESSIVE;
				GCC_WARN_UNUSED_FUNCTION = YES;
				GCC_WARN_UNUSED_VARIABLE = YES;
				IPHONEOS_DEPLOYMENT_TARGET = 15.0;
				MTL_ENABLE_DEBUG_INFO = NO;
				MTL_FAST_MATH = YES;
				SDKROOT = iphoneos;
				SWIFT_COMPILATION_MODE = wholemodule;
				SWIFT_OPTIMIZATION_LEVEL = "-O";
				VALIDATE_PRODUCT = YES;
			};
			name = Release;
		};
		A368FBC32955C37800108FAF /* Debug */ = {
			isa = XCBuildConfiguration;
			buildSettings = {
				ASSETCATALOG_COMPILER_APPICON_NAME = AppIcon;
				ASSETCATALOG_COMPILER_GLOBAL_ACCENT_COLOR_NAME = AccentColor;
				CODE_SIGN_STYLE = Automatic;
				CURRENT_PROJECT_VERSION = 1;
				GENERATE_INFOPLIST_FILE = YES;
				INFOPLIST_FILE = AppForNotes/Info.plist;
				INFOPLIST_KEY_UIApplicationSupportsIndirectInputEvents = YES;
				INFOPLIST_KEY_UILaunchStoryboardName = LaunchScreen;
				INFOPLIST_KEY_UISupportedInterfaceOrientations = UIInterfaceOrientationPortrait;
				INFOPLIST_KEY_UISupportedInterfaceOrientations_iPad = "UIInterfaceOrientationPortrait UIInterfaceOrientationPortraitUpsideDown UIInterfaceOrientationLandscapeLeft UIInterfaceOrientationLandscapeRight";
				INFOPLIST_KEY_UISupportedInterfaceOrientations_iPhone = "UIInterfaceOrientationPortrait UIInterfaceOrientationLandscapeLeft UIInterfaceOrientationLandscapeRight";
				LD_RUNPATH_SEARCH_PATHS = (
					"$(inherited)",
					"@executable_path/Frameworks",
				);
				MARKETING_VERSION = 1.0;
				PRODUCT_BUNDLE_IDENTIFIER = Julia.def.AppForNotes;
				PRODUCT_NAME = "$(TARGET_NAME)";
				SWIFT_EMIT_LOC_STRINGS = YES;
				SWIFT_VERSION = 5.0;
				TARGETED_DEVICE_FAMILY = 1;
			};
			name = Debug;
		};
		A368FBC42955C37800108FAF /* Release */ = {
			isa = XCBuildConfiguration;
			buildSettings = {
				ASSETCATALOG_COMPILER_APPICON_NAME = AppIcon;
				ASSETCATALOG_COMPILER_GLOBAL_ACCENT_COLOR_NAME = AccentColor;
				CODE_SIGN_STYLE = Automatic;
				CURRENT_PROJECT_VERSION = 1;
				GENERATE_INFOPLIST_FILE = YES;
				INFOPLIST_FILE = AppForNotes/Info.plist;
				INFOPLIST_KEY_UIApplicationSupportsIndirectInputEvents = YES;
				INFOPLIST_KEY_UILaunchStoryboardName = LaunchScreen;
				INFOPLIST_KEY_UISupportedInterfaceOrientations = UIInterfaceOrientationPortrait;
				INFOPLIST_KEY_UISupportedInterfaceOrientations_iPad = "UIInterfaceOrientationPortrait UIInterfaceOrientationPortraitUpsideDown UIInterfaceOrientationLandscapeLeft UIInterfaceOrientationLandscapeRight";
				INFOPLIST_KEY_UISupportedInterfaceOrientations_iPhone = "UIInterfaceOrientationPortrait UIInterfaceOrientationLandscapeLeft UIInterfaceOrientationLandscapeRight";
				LD_RUNPATH_SEARCH_PATHS = (
					"$(inherited)",
					"@executable_path/Frameworks",
				);
				MARKETING_VERSION = 1.0;
				PRODUCT_BUNDLE_IDENTIFIER = Julia.def.AppForNotes;
				PRODUCT_NAME = "$(TARGET_NAME)";
				SWIFT_EMIT_LOC_STRINGS = YES;
				SWIFT_VERSION = 5.0;
				TARGETED_DEVICE_FAMILY = 1;
			};
			name = Release;
		};
/* End XCBuildConfiguration section */

/* Begin XCConfigurationList section */
		A368FBA92955C37600108FAF /* Build configuration list for PBXProject "AppForNotes" */ = {
			isa = XCConfigurationList;
			buildConfigurations = (
				A368FBC02955C37800108FAF /* Debug */,
				A368FBC12955C37800108FAF /* Release */,
			);
			defaultConfigurationIsVisible = 0;
			defaultConfigurationName = Release;
		};
		A368FBC22955C37800108FAF /* Build configuration list for PBXNativeTarget "AppForNotes" */ = {
			isa = XCConfigurationList;
			buildConfigurations = (
				A368FBC32955C37800108FAF /* Debug */,
				A368FBC42955C37800108FAF /* Release */,
			);
			defaultConfigurationIsVisible = 0;
			defaultConfigurationName = Release;
		};
/* End XCConfigurationList section */

/* Begin XCVersionGroup section */
		A3214C8E29599EA20008D877 /* ModelCoreData.xcdatamodeld */ = {
			isa = XCVersionGroup;
			children = (
				A3214C8F29599EA20008D877 /* ModelCoreData.xcdatamodel */,
			);
			currentVersion = A3214C8F29599EA20008D877 /* ModelCoreData.xcdatamodel */;
			path = ModelCoreData.xcdatamodeld;
			sourceTree = "<group>";
			versionGroupType = wrapper.xcdatamodel;
		};
/* End XCVersionGroup section */
	};
	rootObject = A368FBA62955C37600108FAF /* Project object */;
}
